// !$*UTF8*$!
{
	archiveVersion = 1;
	classes = {
	};
	objectVersion = 50;
	objects = {

/* Begin PBXBuildFile section */
		BB22872224C97DF8008FE114 /* AppDelegate.swift in Sources */ = {isa = PBXBuildFile; fileRef = BB22872124C97DF8008FE114 /* AppDelegate.swift */; };
		BB22872424C97DF8008FE114 /* SceneDelegate.swift in Sources */ = {isa = PBXBuildFile; fileRef = BB22872324C97DF8008FE114 /* SceneDelegate.swift */; };
		BB22872624C97DF8008FE114 /* ContentView.swift in Sources */ = {isa = PBXBuildFile; fileRef = BB22872524C97DF8008FE114 /* ContentView.swift */; };
		BB22872824C97DFC008FE114 /* Assets.xcassets in Resources */ = {isa = PBXBuildFile; fileRef = BB22872724C97DFC008FE114 /* Assets.xcassets */; };
		BB22872B24C97DFC008FE114 /* Preview Assets.xcassets in Resources */ = {isa = PBXBuildFile; fileRef = BB22872A24C97DFC008FE114 /* Preview Assets.xcassets */; };
		BB22872E24C97DFC008FE114 /* LaunchScreen.storyboard in Resources */ = {isa = PBXBuildFile; fileRef = BB22872C24C97DFC008FE114 /* LaunchScreen.storyboard */; };
		BB22873724C9830E008FE114 /* NetworkManager.swift in Sources */ = {isa = PBXBuildFile; fileRef = BB22873624C9830E008FE114 /* NetworkManager.swift */; };
		BB22873924C98401008FE114 /* PostData.swift in Sources */ = {isa = PBXBuildFile; fileRef = BB22873824C98401008FE114 /* PostData.swift */; };
		BB22873C24C98B99008FE114 /* DetailView.swift in Sources */ = {isa = PBXBuildFile; fileRef = BB22873B24C98B99008FE114 /* DetailView.swift */; };
		BB22873E24C99007008FE114 /* WebView.swift in Sources */ = {isa = PBXBuildFile; fileRef = BB22873D24C99007008FE114 /* WebView.swift */; };
/* End PBXBuildFile section */

/* Begin PBXFileReference section */
		BB22871E24C97DF8008FE114 /* News.app */ = {isa = PBXFileReference; explicitFileType = wrapper.application; includeInIndex = 0; path = News.app; sourceTree = BUILT_PRODUCTS_DIR; };
		BB22872124C97DF8008FE114 /* AppDelegate.swift */ = {isa = PBXFileReference; lastKnownFileType = sourcecode.swift; path = AppDelegate.swift; sourceTree = "<group>"; };
		BB22872324C97DF8008FE114 /* SceneDelegate.swift */ = {isa = PBXFileReference; lastKnownFileType = sourcecode.swift; path = SceneDelegate.swift; sourceTree = "<group>"; };
		BB22872524C97DF8008FE114 /* ContentView.swift */ = {isa = PBXFileReference; lastKnownFileType = sourcecode.swift; path = ContentView.swift; sourceTree = "<group>"; };
		BB22872724C97DFC008FE114 /* Assets.xcassets */ = {isa = PBXFileReference; lastKnownFileType = folder.assetcatalog; path = Assets.xcassets; sourceTree = "<group>"; };
		BB22872A24C97DFC008FE114 /* Preview Assets.xcassets */ = {isa = PBXFileReference; lastKnownFileType = folder.assetcatalog; path = "Preview Assets.xcassets"; sourceTree = "<group>"; };
		BB22872D24C97DFC008FE114 /* Base */ = {isa = PBXFileReference; lastKnownFileType = file.storyboard; name = Base; path = Base.lproj/LaunchScreen.storyboard; sourceTree = "<group>"; };
		BB22872F24C97DFC008FE114 /* Info.plist */ = {isa = PBXFileReference; lastKnownFileType = text.plist.xml; path = Info.plist; sourceTree = "<group>"; };
		BB22873624C9830E008FE114 /* NetworkManager.swift */ = {isa = PBXFileReference; lastKnownFileType = sourcecode.swift; path = NetworkManager.swift; sourceTree = "<group>"; };
		BB22873824C98401008FE114 /* PostData.swift */ = {isa = PBXFileReference; lastKnownFileType = sourcecode.swift; path = PostData.swift; sourceTree = "<group>"; };
		BB22873B24C98B99008FE114 /* DetailView.swift */ = {isa = PBXFileReference; lastKnownFileType = sourcecode.swift; path = DetailView.swift; sourceTree = "<group>"; };
		BB22873D24C99007008FE114 /* WebView.swift */ = {isa = PBXFileReference; lastKnownFileType = sourcecode.swift; path = WebView.swift; sourceTree = "<group>"; };
/* End PBXFileReference section */

/* Begin PBXFrameworksBuildPhase section */
		BB22871B24C97DF8008FE114 /* Frameworks */ = {
			isa = PBXFrameworksBuildPhase;
			buildActionMask = 2147483647;
			files = (
			);
			runOnlyForDeploymentPostprocessing = 0;
		};
/* End PBXFrameworksBuildPhase section */

/* Begin PBXGroup section */
		BB22871524C97DF8008FE114 = {
			isa = PBXGroup;
			children = (
				BB22872024C97DF8008FE114 /* News */,
				BB22871F24C97DF8008FE114 /* Products */,
			);
			sourceTree = "<group>";
		};
		BB22871F24C97DF8008FE114 /* Products */ = {
			isa = PBXGroup;
			children = (
				BB22871E24C97DF8008FE114 /* News.app */,
			);
			name = Products;
			sourceTree = "<group>";
		};
		BB22872024C97DF8008FE114 /* News */ = {
			isa = PBXGroup;
			children = (
				BB22873524C982CD008FE114 /* Models */,
				BB22872124C97DF8008FE114 /* AppDelegate.swift */,
				BB22872324C97DF8008FE114 /* SceneDelegate.swift */,
				BB22873A24C98B7A008FE114 /* Views */,
				BB22872724C97DFC008FE114 /* Assets.xcassets */,
				BB22872C24C97DFC008FE114 /* LaunchScreen.storyboard */,
				BB22872F24C97DFC008FE114 /* Info.plist */,
				BB22872924C97DFC008FE114 /* Preview Content */,
			);
			path = News;
			sourceTree = "<group>";
		};
		BB22872924C97DFC008FE114 /* Preview Content */ = {
			isa = PBXGroup;
			children = (
				BB22872A24C97DFC008FE114 /* Preview Assets.xcassets */,
			);
			path = "Preview Content";
			sourceTree = "<group>";
		};
		BB22873524C982CD008FE114 /* Models */ = {
			isa = PBXGroup;
			children = (
				BB22873624C9830E008FE114 /* NetworkManager.swift */,
				BB22873824C98401008FE114 /* PostData.swift */,
			);
			path = Models;
			sourceTree = "<group>";
		};
		BB22873A24C98B7A008FE114 /* Views */ = {
			isa = PBXGroup;
			children = (
				BB22872524C97DF8008FE114 /* ContentView.swift */,
				BB22873B24C98B99008FE114 /* DetailView.swift */,
				BB22873D24C99007008FE114 /* WebView.swift */,
			);
			path = Views;
			sourceTree = "<group>";
		};
/* End PBXGroup section */

/* Begin PBXNativeTarget section */
		BB22871D24C97DF8008FE114 /* News */ = {
			isa = PBXNativeTarget;
			buildConfigurationList = BB22873224C97DFC008FE114 /* Build configuration list for PBXNativeTarget "News" */;
			buildPhases = (
				BB22871A24C97DF8008FE114 /* Sources */,
				BB22871B24C97DF8008FE114 /* Frameworks */,
				BB22871C24C97DF8008FE114 /* Resources */,
			);
			buildRules = (
			);
			dependencies = (
			);
			name = News;
			productName = News;
			productReference = BB22871E24C97DF8008FE114 /* News.app */;
			productType = "com.apple.product-type.application";
		};
/* End PBXNativeTarget section */

/* Begin PBXProject section */
		BB22871624C97DF8008FE114 /* Project object */ = {
			isa = PBXProject;
			attributes = {
				LastSwiftUpdateCheck = 1160;
				LastUpgradeCheck = 1160;
				ORGANIZATIONNAME = "Hamza Halilovic";
				TargetAttributes = {
					BB22871D24C97DF8008FE114 = {
						CreatedOnToolsVersion = 11.6;
					};
				};
			};
			buildConfigurationList = BB22871924C97DF8008FE114 /* Build configuration list for PBXProject "News" */;
			compatibilityVersion = "Xcode 9.3";
			developmentRegion = en;
			hasScannedForEncodings = 0;
			knownRegions = (
				en,
				Base,
			);
			mainGroup = BB22871524C97DF8008FE114;
			productRefGroup = BB22871F24C97DF8008FE114 /* Products */;
			projectDirPath = "";
			projectRoot = "";
			targets = (
				BB22871D24C97DF8008FE114 /* News */,
			);
		};
/* End PBXProject section */

/* Begin PBXResourcesBuildPhase section */
		BB22871C24C97DF8008FE114 /* Resources */ = {
			isa = PBXResourcesBuildPhase;
			buildActionMask = 2147483647;
			files = (
				BB22872E24C97DFC008FE114 /* LaunchScreen.storyboard in Resources */,
				BB22872B24C97DFC008FE114 /* Preview Assets.xcassets in Resources */,
				BB22872824C97DFC008FE114 /* Assets.xcassets in Resources */,
			);
			runOnlyForDeploymentPostprocessing = 0;
		};
/* End PBXResourcesBuildPhase section */

/* Begin PBXSourcesBuildPhase section */
		BB22871A24C97DF8008FE114 /* Sources */ = {
			isa = PBXSourcesBuildPhase;
			buildActionMask = 2147483647;
			files = (
				BB22873924C98401008FE114 /* PostData.swift in Sources */,
				BB22873C24C98B99008FE114 /* DetailView.swift in Sources */,
				BB22873724C9830E008FE114 /* NetworkManager.swift in Sources */,
				BB22872224C97DF8008FE114 /* AppDelegate.swift in Sources */,
				BB22872424C97DF8008FE114 /* SceneDelegate.swift in Sources */,
				BB22872624C97DF8008FE114 /* ContentView.swift in Sources */,
				BB22873E24C99007008FE114 /* WebView.swift in Sources */,
			);
			runOnlyForDeploymentPostprocessing = 0;
		};
/* End PBXSourcesBuildPhase section */

/* Begin PBXVariantGroup section */
		BB22872C24C97DFC008FE114 /* LaunchScreen.storyboard */ = {
			isa = PBXVariantGroup;
			children = (
				BB22872D24C97DFC008FE114 /* Base */,
			);
			name = LaunchScreen.storyboard;
			sourceTree = "<group>";
		};
/* End PBXVariantGroup section */

/* Begin XCBuildConfiguration section */
		BB22873024C97DFC008FE114 /* Debug */ = {
			isa = XCBuildConfiguration;
			buildSettings = {
				ALWAYS_SEARCH_USER_PATHS = NO;
				CLANG_ANALYZER_NONNULL = YES;
				CLANG_ANALYZER_NUMBER_OBJECT_CONVERSION = YES_AGGRESSIVE;
				CLANG_CXX_LANGUAGE_STANDARD = "gnu++14";
				CLANG_CXX_LIBRARY = "libc++";
				CLANG_ENABLE_MODULES = YES;
				CLANG_ENABLE_OBJC_ARC = YES;
				CLANG_ENABLE_OBJC_WEAK = YES;
				CLANG_WARN_BLOCK_CAPTURE_AUTORELEASING = YES;
				CLANG_WARN_BOOL_CONVERSION = YES;
				CLANG_WARN_COMMA = YES;
				CLANG_WARN_CONSTANT_CONVERSION = YES;
				CLANG_WARN_DEPRECATED_OBJC_IMPLEMENTATIONS = YES;
				CLANG_WARN_DIRECT_OBJC_ISA_USAGE = YES_ERROR;
				CLANG_WARN_DOCUMENTATION_COMMENTS = YES;
				CLANG_WARN_EMPTY_BODY = YES;
				CLANG_WARN_ENUM_CONVERSION = YES;
				CLANG_WARN_INFINITE_RECURSION = YES;
				CLANG_WARN_INT_CONVERSION = YES;
				CLANG_WARN_NON_LITERAL_NULL_CONVERSION = YES;
				CLANG_WARN_OBJC_IMPLICIT_RETAIN_SELF = YES;
				CLANG_WARN_OBJC_LITERAL_CONVERSION = YES;
				CLANG_WARN_OBJC_ROOT_CLASS = YES_ERROR;
				CLANG_WARN_RANGE_LOOP_ANALYSIS = YES;
				CLANG_WARN_STRICT_PROTOTYPES = YES;
				CLANG_WARN_SUSPICIOUS_MOVE = YES;
				CLANG_WARN_UNGUARDED_AVAILABILITY = YES_AGGRESSIVE;
				CLANG_WARN_UNREACHABLE_CODE = YES;
				CLANG_WARN__DUPLICATE_METHOD_MATCH = YES;
				COPY_PHASE_STRIP = NO;
				DEBUG_INFORMATION_FORMAT = dwarf;
				ENABLE_STRICT_OBJC_MSGSEND = YES;
				ENABLE_TESTABILITY = YES;
				GCC_C_LANGUAGE_STANDARD = gnu11;
				GCC_DYNAMIC_NO_PIC = NO;
				GCC_NO_COMMON_BLOCKS = YES;
				GCC_OPTIMIZATION_LEVEL = 0;
				GCC_PREPROCESSOR_DEFINITIONS = (
					"DEBUG=1",
					"$(inherited)",
				);
				GCC_WARN_64_TO_32_BIT_CONVERSION = YES;
				GCC_WARN_ABOUT_RETURN_TYPE = YES_ERROR;
				GCC_WARN_UNDECLARED_SELECTOR = YES;
				GCC_WARN_UNINITIALIZED_AUTOS = YES_AGGRESSIVE;
				GCC_WARN_UNUSED_FUNCTION = YES;
				GCC_WARN_UNUSED_VARIABLE = YES;
				IPHONEOS_DEPLOYMENT_TARGET = 13.6;
				MTL_ENABLE_DEBUG_INFO = INCLUDE_SOURCE;
				MTL_FAST_MATH = YES;
				ONLY_ACTIVE_ARCH = YES;
				SDKROOT = iphoneos;
				SWIFT_ACTIVE_COMPILATION_CONDITIONS = DEBUG;
				SWIFT_OPTIMIZATION_LEVEL = "-Onone";
			};
			name = Debug;
		};
		BB22873124C97DFC008FE114 /* Release */ = {
			isa = XCBuildConfiguration;
			buildSettings = {
				ALWAYS_SEARCH_USER_PATHS = NO;
				CLANG_ANALYZER_NONNULL = YES;
				CLANG_ANALYZER_NUMBER_OBJECT_CONVERSION = YES_AGGRESSIVE;
				CLANG_CXX_LANGUAGE_STANDARD = "gnu++14";
				CLANG_CXX_LIBRARY = "libc++";
				CLANG_ENABLE_MODULES = YES;
				CLANG_ENABLE_OBJC_ARC = YES;
				CLANG_ENABLE_OBJC_WEAK = YES;
				CLANG_WARN_BLOCK_CAPTURE_AUTORELEASING = YES;
				CLANG_WARN_BOOL_CONVERSION = YES;
				CLANG_WARN_COMMA = YES;
				CLANG_WARN_CONSTANT_CONVERSION = YES;
				CLANG_WARN_DEPRECATED_OBJC_IMPLEMENTATIONS = YES;
				CLANG_WARN_DIRECT_OBJC_ISA_USAGE = YES_ERROR;
				CLANG_WARN_DOCUMENTATION_COMMENTS = YES;
				CLANG_WARN_EMPTY_BODY = YES;
				CLANG_WARN_ENUM_CONVERSION = YES;
				CLANG_WARN_INFINITE_RECURSION = YES;
				CLANG_WARN_INT_CONVERSION = YES;
				CLANG_WARN_NON_LITERAL_NULL_CONVERSION = YES;
				CLANG_WARN_OBJC_IMPLICIT_RETAIN_SELF = YES;
				CLANG_WARN_OBJC_LITERAL_CONVERSION = YES;
				CLANG_WARN_OBJC_ROOT_CLASS = YES_ERROR;
				CLANG_WARN_RANGE_LOOP_ANALYSIS = YES;
				CLANG_WARN_STRICT_PROTOTYPES = YES;
				CLANG_WARN_SUSPICIOUS_MOVE = YES;
				CLANG_WARN_UNGUARDED_AVAILABILITY = YES_AGGRESSIVE;
				CLANG_WARN_UNREACHABLE_CODE = YES;
				CLANG_WARN__DUPLICATE_METHOD_MATCH = YES;
				COPY_PHASE_STRIP = NO;
				DEBUG_INFORMATION_FORMAT = "dwarf-with-dsym";
				ENABLE_NS_ASSERTIONS = NO;
				ENABLE_STRICT_OBJC_MSGSEND = YES;
				GCC_C_LANGUAGE_STANDARD = gnu11;
				GCC_NO_COMMON_BLOCKS = YES;
				GCC_WARN_64_TO_32_BIT_CONVERSION = YES;
				GCC_WARN_ABOUT_RETURN_TYPE = YES_ERROR;
				GCC_WARN_UNDECLARED_SELECTOR = YES;
				GCC_WARN_UNINITIALIZED_AUTOS = YES_AGGRESSIVE;
				GCC_WARN_UNUSED_FUNCTION = YES;
				GCC_WARN_UNUSED_VARIABLE = YES;
				IPHONEOS_DEPLOYMENT_TARGET = 13.6;
				MTL_ENABLE_DEBUG_INFO = NO;
				MTL_FAST_MATH = YES;
				SDKROOT = iphoneos;
				SWIFT_COMPILATION_MODE = wholemodule;
				SWIFT_OPTIMIZATION_LEVEL = "-O";
				VALIDATE_PRODUCT = YES;
			};
			name = Release;
		};
		BB22873324C97DFC008FE114 /* Debug */ = {
			isa = XCBuildConfiguration;
			buildSettings = {
				ASSETCATALOG_COMPILER_APPICON_NAME = AppIcon;
				CODE_SIGN_STYLE = Automatic;
				DEVELOPMENT_ASSET_PATHS = "\"News/Preview Content\"";
				DEVELOPMENT_TEAM = 3D38DY5K4Z;
				ENABLE_PREVIEWS = YES;
				INFOPLIST_FILE = News/Info.plist;
				LD_RUNPATH_SEARCH_PATHS = (
					"$(inherited)",
					"@executable_path/Frameworks",
				);
				PRODUCT_BUNDLE_IDENTIFIER = com.hamza.News;
				PRODUCT_NAME = "$(TARGET_NAME)";
				SWIFT_VERSION = 5.0;
				TARGETED_DEVICE_FAMILY = "1,2";
			};
			name = Debug;
		};
		BB22873424C97DFC008FE114 /* Release */ = {
			isa = XCBuildConfiguration;
			buildSettings = {
				ASSETCATALOG_COMPILER_APPICON_NAME = AppIcon;
				CODE_SIGN_STYLE = Automatic;
				DEVELOPMENT_ASSET_PATHS = "\"News/Preview Content\"";
				DEVELOPMENT_TEAM = 3D38DY5K4Z;
				ENABLE_PREVIEWS = YES;
				INFOPLIST_FILE = News/Info.plist;
				LD_RUNPATH_SEARCH_PATHS = (
					"$(inherited)",
					"@executable_path/Frameworks",
				);
				PRODUCT_BUNDLE_IDENTIFIER = com.hamza.News;
				PRODUCT_NAME = "$(TARGET_NAME)";
				SWIFT_VERSION = 5.0;
				TARGETED_DEVICE_FAMILY = "1,2";
			};
			name = Release;
		};
/* End XCBuildConfiguration section */

/* Begin XCConfigurationList section */
		BB22871924C97DF8008FE114 /* Build configuration list for PBXProject "News" */ = {
			isa = XCConfigurationList;
			buildConfigurations = (
				BB22873024C97DFC008FE114 /* Debug */,
				BB22873124C97DFC008FE114 /* Release */,
			);
			defaultConfigurationIsVisible = 0;
			defaultConfigurationName = Release;
		};
		BB22873224C97DFC008FE114 /* Build configuration list for PBXNativeTarget "News" */ = {
			isa = XCConfigurationList;
			buildConfigurations = (
				BB22873324C97DFC008FE114 /* Debug */,
				BB22873424C97DFC008FE114 /* Release */,
			);
			defaultConfigurationIsVisible = 0;
			defaultConfigurationName = Release;
		};
/* End XCConfigurationList section */
	};
	rootObject = BB22871624C97DF8008FE114 /* Project object */;
}
